Microsoft Visual Studio Solution File, Format Version 12.00
# Visual Studio Version 17
VisualStudioVersion = 17.5.2.0
MinimumVisualStudioVersion = 10.0.40219.1
Project("{FAE04EC0-301F-11D3-BF4B-00C04F79EFBC}") = "TccBackEnd", "TccBackEnd.csproj", "{DA3FC93A-F82A-E221-84E0-9CF5F0A2F449}"
EndProject
Global
	GlobalSection(SolutionConfigurationPlatforms) = preSolution
		Debug|Any CPU = Debug|Any CPU
		Release|Any CPU = Release|Any CPU
	EndGlobalSection
	GlobalSection(ProjectConfigurationPlatforms) = postSolution
		{DA3FC93A-F82A-E221-84E0-9CF5F0A2F449}.Debug|Any CPU.ActiveCfg = Debug|Any CPU
		{DA3FC93A-F82A-E221-84E0-9CF5F0A2F449}.Debug|Any CPU.Build.0 = Debug|Any CPU
		{DA3FC93A-F82A-E221-84E0-9CF5F0A2F449}.Release|Any CPU.ActiveCfg = Release|Any CPU
		{DA3FC93A-F82A-E221-84E0-9CF5F0A2F449}.Release|Any CPU.Build.0 = Release|Any CPU
	EndGlobalSection
	GlobalSection(SolutionProperties) = preSolution
		HideSolutionNode = FALSE
	EndGlobalSection
	GlobalSection(ExtensibilityGlobals) = postSolution
		SolutionGuid = {B2F64C98-A997-4024-A6D3-F6442394042D}
	EndGlobalSection
EndGlobal
